
Microsoft Visual Studio Solution File, Format Version 12.00
# Visual Studio Version 17
VisualStudioVersion = 17.1.32319.34
MinimumVisualStudioVersion = 10.0.40219.1
Project("{FAE04EC0-301F-11D3-BF4B-00C04F79EFBC}") = "openCVSharpTest", "openCVSharpTest\openCVSharpTest.csproj", "{342B50FE-6196-4335-8B00-DA66FE59D4AE}"
EndProject
Global
	GlobalSection(SolutionConfigurationPlatforms) = preSolution
		Debug|Any CPU = Debug|Any CPU
		Release|Any CPU = Release|Any CPU
	EndGlobalSection
	GlobalSection(ProjectConfigurationPlatforms) = postSolution
		{342B50FE-6196-4335-8B00-DA66FE59D4AE}.Debug|Any CPU.ActiveCfg = Debug|Any CPU
		{342B50FE-6196-4335-8B00-DA66FE59D4AE}.Debug|Any CPU.Build.0 = Debug|Any CPU
		{342B50FE-6196-4335-8B00-DA66FE59D4AE}.Release|Any CPU.ActiveCfg = Release|Any CPU
		{342B50FE-6196-4335-8B00-DA66FE59D4AE}.Release|Any CPU.Build.0 = Release|Any CPU
	EndGlobalSection
	GlobalSection(SolutionProperties) = preSolution
		HideSolutionNode = FALSE
	EndGlobalSection
	GlobalSection(ExtensibilityGlobals) = postSolution
		SolutionGuid = {9D67808A-6467-4954-A90B-16942407CAD1}
	EndGlobalSection
EndGlobal
